
Microsoft Visual Studio Solution File, Format Version 12.00
# Visual Studio 15
VisualStudioVersion = 15.0.26124.0
MinimumVisualStudioVersion = 15.0.26124.0
Project("{FAE04EC0-301F-11D3-BF4B-00C04F79EFBC}") = "GameTop", "GameTop\GameTop.csproj", "{BFAAD017-174E-4620-893C-5FC2FEA2222F}"
EndProject
Project("{FAE04EC0-301F-11D3-BF4B-00C04F79EFBC}") = "GameTop.Lib", "GameTop.Lib\GameTop.Lib.csproj", "{791C5EEE-9F7A-43CC-8CE3-5AB3C565692E}"
EndProject
Project("{FAE04EC0-301F-11D3-BF4B-00C04F79EFBC}") = "GameTop.Interface", "GameTop.Interface\GameTop.Interface.csproj", "{651726A2-DED9-4856-98CB-0677B54FFA07}"
EndProject
Global
	GlobalSection(SolutionConfigurationPlatforms) = preSolution
		Debug|Any CPU = Debug|Any CPU
		Debug|x64 = Debug|x64
		Debug|x86 = Debug|x86
		Release|Any CPU = Release|Any CPU
		Release|x64 = Release|x64
		Release|x86 = Release|x86
	EndGlobalSection
	GlobalSection(SolutionProperties) = preSolution
		HideSolutionNode = FALSE
	EndGlobalSection
	GlobalSection(ProjectConfigurationPlatforms) = postSolution
		{BFAAD017-174E-4620-893C-5FC2FEA2222F}.Debug|Any CPU.ActiveCfg = Debug|Any CPU
		{BFAAD017-174E-4620-893C-5FC2FEA2222F}.Debug|Any CPU.Build.0 = Debug|Any CPU
		{BFAAD017-174E-4620-893C-5FC2FEA2222F}.Debug|x64.ActiveCfg = Debug|Any CPU
		{BFAAD017-174E-4620-893C-5FC2FEA2222F}.Debug|x64.Build.0 = Debug|Any CPU
		{BFAAD017-174E-4620-893C-5FC2FEA2222F}.Debug|x86.ActiveCfg = Debug|Any CPU
		{BFAAD017-174E-4620-893C-5FC2FEA2222F}.Debug|x86.Build.0 = Debug|Any CPU
		{BFAAD017-174E-4620-893C-5FC2FEA2222F}.Release|Any CPU.ActiveCfg = Release|Any CPU
		{BFAAD017-174E-4620-893C-5FC2FEA2222F}.Release|Any CPU.Build.0 = Release|Any CPU
		{BFAAD017-174E-4620-893C-5FC2FEA2222F}.Release|x64.ActiveCfg = Release|Any CPU
		{BFAAD017-174E-4620-893C-5FC2FEA2222F}.Release|x64.Build.0 = Release|Any CPU
		{BFAAD017-174E-4620-893C-5FC2FEA2222F}.Release|x86.ActiveCfg = Release|Any CPU
		{BFAAD017-174E-4620-893C-5FC2FEA2222F}.Release|x86.Build.0 = Release|Any CPU
		{791C5EEE-9F7A-43CC-8CE3-5AB3C565692E}.Debug|Any CPU.ActiveCfg = Debug|Any CPU
		{791C5EEE-9F7A-43CC-8CE3-5AB3C565692E}.Debug|Any CPU.Build.0 = Debug|Any CPU
		{791C5EEE-9F7A-43CC-8CE3-5AB3C565692E}.Debug|x64.ActiveCfg = Debug|Any CPU
		{791C5EEE-9F7A-43CC-8CE3-5AB3C565692E}.Debug|x64.Build.0 = Debug|Any CPU
		{791C5EEE-9F7A-43CC-8CE3-5AB3C565692E}.Debug|x86.ActiveCfg = Debug|Any CPU
		{791C5EEE-9F7A-43CC-8CE3-5AB3C565692E}.Debug|x86.Build.0 = Debug|Any CPU
		{791C5EEE-9F7A-43CC-8CE3-5AB3C565692E}.Release|Any CPU.ActiveCfg = Release|Any CPU
		{791C5EEE-9F7A-43CC-8CE3-5AB3C565692E}.Release|Any CPU.Build.0 = Release|Any CPU
		{791C5EEE-9F7A-43CC-8CE3-5AB3C565692E}.Release|x64.ActiveCfg = Release|Any CPU
		{791C5EEE-9F7A-43CC-8CE3-5AB3C565692E}.Release|x64.Build.0 = Release|Any CPU
		{791C5EEE-9F7A-43CC-8CE3-5AB3C565692E}.Release|x86.ActiveCfg = Release|Any CPU
		{791C5EEE-9F7A-43CC-8CE3-5AB3C565692E}.Release|x86.Build.0 = Release|Any CPU
		{651726A2-DED9-4856-98CB-0677B54FFA07}.Debug|Any CPU.ActiveCfg = Debug|Any CPU
		{651726A2-DED9-4856-98CB-0677B54FFA07}.Debug|Any CPU.Build.0 = Debug|Any CPU
		{651726A2-DED9-4856-98CB-0677B54FFA07}.Debug|x64.ActiveCfg = Debug|Any CPU
		{651726A2-DED9-4856-98CB-0677B54FFA07}.Debug|x64.Build.0 = Debug|Any CPU
		{651726A2-DED9-4856-98CB-0677B54FFA07}.Debug|x86.ActiveCfg = Debug|Any CPU
		{651726A2-DED9-4856-98CB-0677B54FFA07}.Debug|x86.Build.0 = Debug|Any CPU
		{651726A2-DED9-4856-98CB-0677B54FFA07}.Release|Any CPU.ActiveCfg = Release|Any CPU
		{651726A2-DED9-4856-98CB-0677B54FFA07}.Release|Any CPU.Build.0 = Release|Any CPU
		{651726A2-DED9-4856-98CB-0677B54FFA07}.Release|x64.ActiveCfg = Release|Any CPU
		{651726A2-DED9-4856-98CB-0677B54FFA07}.Release|x64.Build.0 = Release|Any CPU
		{651726A2-DED9-4856-98CB-0677B54FFA07}.Release|x86.ActiveCfg = Release|Any CPU
		{651726A2-DED9-4856-98CB-0677B54FFA07}.Release|x86.Build.0 = Release|Any CPU
	EndGlobalSection
EndGlobal
